
Microsoft Visual Studio Solution File, Format Version 12.00
# Visual Studio 15
VisualStudioVersion = 15.0.27703.2000
MinimumVisualStudioVersion = 10.0.40219.1
Project("{FAE04EC0-301F-11D3-BF4B-00C04F79EFBC}") = "DistanceRando", "DistanceRando-Spectrum\DistanceRando.csproj", "{B0814CA5-950F-4C11-81D2-EA2B8B76A891}"
EndProject
Global
	GlobalSection(SolutionConfigurationPlatforms) = preSolution
		Debug|Any CPU = Debug|Any CPU
		Release|Any CPU = Release|Any CPU
	EndGlobalSection
	GlobalSection(ProjectConfigurationPlatforms) = postSolution
		{B0814CA5-950F-4C11-81D2-EA2B8B76A891}.Debug|Any CPU.ActiveCfg = Debug|Any CPU
		{B0814CA5-950F-4C11-81D2-EA2B8B76A891}.Debug|Any CPU.Build.0 = Debug|Any CPU
		{B0814CA5-950F-4C11-81D2-EA2B8B76A891}.Release|Any CPU.ActiveCfg = Release|Any CPU
		{B0814CA5-950F-4C11-81D2-EA2B8B76A891}.Release|Any CPU.Build.0 = Release|Any CPU
	EndGlobalSection
	GlobalSection(SolutionProperties) = preSolution
		HideSolutionNode = FALSE
	EndGlobalSection
	GlobalSection(ExtensibilityGlobals) = postSolution
		SolutionGuid = {6B4E9411-16B9-4C63-A028-DE8F21C85D1A}
	EndGlobalSection
EndGlobal
