
Microsoft Visual Studio Solution File, Format Version 12.00
# Visual Studio Version 16
VisualStudioVersion = 16.0.31424.327
MinimumVisualStudioVersion = 10.0.40219.1
Project("{FAE04EC0-301F-11D3-BF4B-00C04F79EFBC}") = "DistanceRando", "DistanceRando-Spectrum\DistanceRando.csproj", "{B0814CA5-950F-4C11-81D2-EA2B8B76A891}"
EndProject
Project("{2150E333-8FDC-42A3-9474-1A3956D46DE8}") = "Solution Items", "Solution Items", "{513E6E0B-102A-44DC-949C-14D87CBB7CF8}"
	ProjectSection(SolutionItems) = preProject
		.gitignore = .gitignore
		license.txt = license.txt
		mod.json = mod.json
		readme.md = readme.md
		setup_symlinks.bat = setup_symlinks.bat
	EndProjectSection
EndProject
Global
	GlobalSection(SolutionConfigurationPlatforms) = preSolution
		Debug|Any CPU = Debug|Any CPU
		Release|Any CPU = Release|Any CPU
	EndGlobalSection
	GlobalSection(ProjectConfigurationPlatforms) = postSolution
		{B0814CA5-950F-4C11-81D2-EA2B8B76A891}.Debug|Any CPU.ActiveCfg = Debug|Any CPU
		{B0814CA5-950F-4C11-81D2-EA2B8B76A891}.Debug|Any CPU.Build.0 = Debug|Any CPU
		{B0814CA5-950F-4C11-81D2-EA2B8B76A891}.Release|Any CPU.ActiveCfg = Release|Any CPU
		{B0814CA5-950F-4C11-81D2-EA2B8B76A891}.Release|Any CPU.Build.0 = Release|Any CPU
	EndGlobalSection
	GlobalSection(SolutionProperties) = preSolution
		HideSolutionNode = FALSE
	EndGlobalSection
	GlobalSection(ExtensibilityGlobals) = postSolution
		SolutionGuid = {6B4E9411-16B9-4C63-A028-DE8F21C85D1A}
	EndGlobalSection
EndGlobal
